
Microsoft Visual Studio Solution File, Format Version 12.00
# Visual Studio Version 17
VisualStudioVersion = 17.0.31903.59
MinimumVisualStudioVersion = 10.0.40219.1
Project("{2150E333-8FDC-42A3-9474-1A3956D46DE8}") = "src", "src", "{F9E66ECD-1AB6-4D58-A41E-8B4B0DA40B5C}"
EndProject
Project("{FAE04EC0-301F-11D3-BF4B-00C04F79EFBC}") = "ProjDash.GUI", "src\ProjDash.GUI\ProjDash.GUI.csproj", "{383EA0DD-DE98-48BA-BAA3-9B14BD6D9608}"
EndProject
Project("{FAE04EC0-301F-11D3-BF4B-00C04F79EFBC}") = "ViewModel", "src\ViewModel\ViewModel.csproj", "{E631980C-197C-43C4-BDB3-284B2BEA9CCA}"
EndProject
Project("{2150E333-8FDC-42A3-9474-1A3956D46DE8}") = "Solution Items", "Solution Items", "{944BCE1F-9E8F-4474-A753-D74B6C60C02F}"
	ProjectSection(SolutionItems) = preProject
		.editorconfig = .editorconfig
		.gitignore = .gitignore
	EndProjectSection
EndProject
Project("{FAE04EC0-301F-11D3-BF4B-00C04F79EFBC}") = "NativeMethods", "src\NativeMethods\NativeMethods.csproj", "{F2F9C8C7-A7D2-4AEE-88F5-CE76C280FB57}"
EndProject
Global
	GlobalSection(SolutionConfigurationPlatforms) = preSolution
		Debug|Any CPU = Debug|Any CPU
		Release|Any CPU = Release|Any CPU
	EndGlobalSection
	GlobalSection(SolutionProperties) = preSolution
		HideSolutionNode = FALSE
	EndGlobalSection
	GlobalSection(ProjectConfigurationPlatforms) = postSolution
		{383EA0DD-DE98-48BA-BAA3-9B14BD6D9608}.Debug|Any CPU.ActiveCfg = Debug|Any CPU
		{383EA0DD-DE98-48BA-BAA3-9B14BD6D9608}.Debug|Any CPU.Build.0 = Debug|Any CPU
		{383EA0DD-DE98-48BA-BAA3-9B14BD6D9608}.Release|Any CPU.ActiveCfg = Release|Any CPU
		{383EA0DD-DE98-48BA-BAA3-9B14BD6D9608}.Release|Any CPU.Build.0 = Release|Any CPU
		{E631980C-197C-43C4-BDB3-284B2BEA9CCA}.Debug|Any CPU.ActiveCfg = Debug|Any CPU
		{E631980C-197C-43C4-BDB3-284B2BEA9CCA}.Debug|Any CPU.Build.0 = Debug|Any CPU
		{E631980C-197C-43C4-BDB3-284B2BEA9CCA}.Release|Any CPU.ActiveCfg = Release|Any CPU
		{E631980C-197C-43C4-BDB3-284B2BEA9CCA}.Release|Any CPU.Build.0 = Release|Any CPU
		{F2F9C8C7-A7D2-4AEE-88F5-CE76C280FB57}.Debug|Any CPU.ActiveCfg = Debug|Any CPU
		{F2F9C8C7-A7D2-4AEE-88F5-CE76C280FB57}.Debug|Any CPU.Build.0 = Debug|Any CPU
		{F2F9C8C7-A7D2-4AEE-88F5-CE76C280FB57}.Release|Any CPU.ActiveCfg = Release|Any CPU
		{F2F9C8C7-A7D2-4AEE-88F5-CE76C280FB57}.Release|Any CPU.Build.0 = Release|Any CPU
	EndGlobalSection
	GlobalSection(NestedProjects) = preSolution
		{383EA0DD-DE98-48BA-BAA3-9B14BD6D9608} = {F9E66ECD-1AB6-4D58-A41E-8B4B0DA40B5C}
		{E631980C-197C-43C4-BDB3-284B2BEA9CCA} = {F9E66ECD-1AB6-4D58-A41E-8B4B0DA40B5C}
		{F2F9C8C7-A7D2-4AEE-88F5-CE76C280FB57} = {F9E66ECD-1AB6-4D58-A41E-8B4B0DA40B5C}
	EndGlobalSection
EndGlobal
